// !$*UTF8*$!
{
	archiveVersion = 1;
	classes = {
	};
	objectVersion = 56;
	objects = {

/* Begin PBXBuildFile section */
		2743A04C96B0540B7ED05585 /* Pods_SavingMoney.framework in Frameworks */ = {isa = PBXBuildFile; fileRef = EA21EC4558A6435FA45F2EC0 /* Pods_SavingMoney.framework */; };
		AB2439102CE9FE72005DBAE0 /* Poppins-Regular.ttf in Resources */ = {isa = PBXBuildFile; fileRef = AB24390E2CE9FE72005DBAE0 /* Poppins-Regular.ttf */; };
		AB2439112CE9FE72005DBAE0 /* Poppins-Bold.ttf in Resources */ = {isa = PBXBuildFile; fileRef = AB24390F2CE9FE72005DBAE0 /* Poppins-Bold.ttf */; };
		AB2439132CE9FE82005DBAE0 /* Poppins-SemiBold.ttf in Resources */ = {isa = PBXBuildFile; fileRef = AB2439122CE9FE82005DBAE0 /* Poppins-SemiBold.ttf */; };
		AB2439152CE9FEB7005DBAE0 /* Poppins-Medium.ttf in Resources */ = {isa = PBXBuildFile; fileRef = AB2439142CE9FEB7005DBAE0 /* Poppins-Medium.ttf */; };
		AB2439182CEA02A4005DBAE0 /* Localizable.strings in Resources */ = {isa = PBXBuildFile; fileRef = AB2439162CEA02A4005DBAE0 /* Localizable.strings */; };
		AB24391E2CEA0A60005DBAE0 /* Animation.json in Resources */ = {isa = PBXBuildFile; fileRef = AB24391D2CEA0A60005DBAE0 /* Animation.json */; };
		AB2439202CEA0B1F005DBAE0 /* ExtentionLottie.swift in Sources */ = {isa = PBXBuildFile; fileRef = AB24391F2CEA0B1F005DBAE0 /* ExtentionLottie.swift */; };
		AB2439232CEA1610005DBAE0 /* LanguageView.swift in Sources */ = {isa = PBXBuildFile; fileRef = AB2439222CEA1610005DBAE0 /* LanguageView.swift */; };
		AB2439262CEA268D005DBAE0 /* LanguageEnum.swift in Sources */ = {isa = PBXBuildFile; fileRef = AB2439252CEA268D005DBAE0 /* LanguageEnum.swift */; };
		AB2439292CEA4F6E005DBAE0 /* UserDefaultData.swift in Sources */ = {isa = PBXBuildFile; fileRef = AB2439282CEA4F6E005DBAE0 /* UserDefaultData.swift */; };
		AB24392B2CEA50AF005DBAE0 /* IntroView.swift in Sources */ = {isa = PBXBuildFile; fileRef = AB24392A2CEA50AF005DBAE0 /* IntroView.swift */; };
		AB3187FB2CE9E9A800430DC1 /* SavingMoneyApp.swift in Sources */ = {isa = PBXBuildFile; fileRef = AB3187FA2CE9E9A800430DC1 /* SavingMoneyApp.swift */; };
		AB3187FD2CE9E9A800430DC1 /* ContentView.swift in Sources */ = {isa = PBXBuildFile; fileRef = AB3187FC2CE9E9A800430DC1 /* ContentView.swift */; };
		AB3187FF2CE9E9AA00430DC1 /* Assets.xcassets in Resources */ = {isa = PBXBuildFile; fileRef = AB3187FE2CE9E9AA00430DC1 /* Assets.xcassets */; };
		AB3188022CE9E9AA00430DC1 /* Preview Assets.xcassets in Resources */ = {isa = PBXBuildFile; fileRef = AB3188012CE9E9AA00430DC1 /* Preview Assets.xcassets */; };
		AB31880D2CE9ECEA00430DC1 /* SplashView.swift in Sources */ = {isa = PBXBuildFile; fileRef = AB31880C2CE9ECEA00430DC1 /* SplashView.swift */; };
		AB3188112CE9EF2300430DC1 /* R.generated.swift in Sources */ = {isa = PBXBuildFile; fileRef = AB3188102CE9EF2300430DC1 /* R.generated.swift */; };
/* End PBXBuildFile section */

/* Begin PBXFileReference section */
		091BC6B2530237C77448E590 /* Pods-SavingMoney.debug.xcconfig */ = {isa = PBXFileReference; includeInIndex = 1; lastKnownFileType = text.xcconfig; name = "Pods-SavingMoney.debug.xcconfig"; path = "Target Support Files/Pods-SavingMoney/Pods-SavingMoney.debug.xcconfig"; sourceTree = "<group>"; };
		AAA0858B7E5D1D87BD4D276E /* Pods-SavingMoney.release.xcconfig */ = {isa = PBXFileReference; includeInIndex = 1; lastKnownFileType = text.xcconfig; name = "Pods-SavingMoney.release.xcconfig"; path = "Target Support Files/Pods-SavingMoney/Pods-SavingMoney.release.xcconfig"; sourceTree = "<group>"; };
		AB2439092CE9FC8D005DBAE0 /* Info.plist */ = {isa = PBXFileReference; lastKnownFileType = text.plist.xml; path = Info.plist; sourceTree = "<group>"; };
		AB24390E2CE9FE72005DBAE0 /* Poppins-Regular.ttf */ = {isa = PBXFileReference; lastKnownFileType = file; path = "Poppins-Regular.ttf"; sourceTree = "<group>"; };
		AB24390F2CE9FE72005DBAE0 /* Poppins-Bold.ttf */ = {isa = PBXFileReference; lastKnownFileType = file; path = "Poppins-Bold.ttf"; sourceTree = "<group>"; };
		AB2439122CE9FE82005DBAE0 /* Poppins-SemiBold.ttf */ = {isa = PBXFileReference; lastKnownFileType = file; path = "Poppins-SemiBold.ttf"; sourceTree = "<group>"; };
		AB2439142CE9FEB7005DBAE0 /* Poppins-Medium.ttf */ = {isa = PBXFileReference; lastKnownFileType = file; path = "Poppins-Medium.ttf"; sourceTree = "<group>"; };
		AB2439172CEA02A4005DBAE0 /* en */ = {isa = PBXFileReference; lastKnownFileType = text.plist.strings; name = en; path = en.lproj/Localizable.strings; sourceTree = "<group>"; };
		AB2439192CEA02E9005DBAE0 /* fr */ = {isa = PBXFileReference; lastKnownFileType = text.plist.strings; name = fr; path = fr.lproj/Localizable.strings; sourceTree = "<group>"; };
		AB24391A2CEA02F3005DBAE0 /* es */ = {isa = PBXFileReference; lastKnownFileType = text.plist.strings; name = es; path = es.lproj/Localizable.strings; sourceTree = "<group>"; };
		AB24391B2CEA02FE005DBAE0 /* pt-PT */ = {isa = PBXFileReference; lastKnownFileType = text.plist.strings; name = "pt-PT"; path = "pt-PT.lproj/Localizable.strings"; sourceTree = "<group>"; };
		AB24391C2CEA0304005DBAE0 /* hi */ = {isa = PBXFileReference; lastKnownFileType = text.plist.strings; name = hi; path = hi.lproj/Localizable.strings; sourceTree = "<group>"; };
		AB24391D2CEA0A60005DBAE0 /* Animation.json */ = {isa = PBXFileReference; fileEncoding = 4; lastKnownFileType = text.json; path = Animation.json; sourceTree = "<group>"; };
		AB24391F2CEA0B1F005DBAE0 /* ExtentionLottie.swift */ = {isa = PBXFileReference; lastKnownFileType = sourcecode.swift; path = ExtentionLottie.swift; sourceTree = "<group>"; };
		AB2439222CEA1610005DBAE0 /* LanguageView.swift */ = {isa = PBXFileReference; lastKnownFileType = sourcecode.swift; path = LanguageView.swift; sourceTree = "<group>"; };
		AB2439252CEA268D005DBAE0 /* LanguageEnum.swift */ = {isa = PBXFileReference; lastKnownFileType = sourcecode.swift; path = LanguageEnum.swift; sourceTree = "<group>"; };
		AB2439282CEA4F6E005DBAE0 /* UserDefaultData.swift */ = {isa = PBXFileReference; lastKnownFileType = sourcecode.swift; path = UserDefaultData.swift; sourceTree = "<group>"; };
		AB24392A2CEA50AF005DBAE0 /* IntroView.swift */ = {isa = PBXFileReference; lastKnownFileType = sourcecode.swift; path = IntroView.swift; sourceTree = "<group>"; };
		AB3187F72CE9E9A800430DC1 /* SavingMoney.app */ = {isa = PBXFileReference; explicitFileType = wrapper.application; includeInIndex = 0; path = SavingMoney.app; sourceTree = BUILT_PRODUCTS_DIR; };
		AB3187FA2CE9E9A800430DC1 /* SavingMoneyApp.swift */ = {isa = PBXFileReference; lastKnownFileType = sourcecode.swift; path = SavingMoneyApp.swift; sourceTree = "<group>"; };
		AB3187FC2CE9E9A800430DC1 /* ContentView.swift */ = {isa = PBXFileReference; lastKnownFileType = sourcecode.swift; path = ContentView.swift; sourceTree = "<group>"; };
		AB3187FE2CE9E9AA00430DC1 /* Assets.xcassets */ = {isa = PBXFileReference; lastKnownFileType = folder.assetcatalog; path = Assets.xcassets; sourceTree = "<group>"; };
		AB3188012CE9E9AA00430DC1 /* Preview Assets.xcassets */ = {isa = PBXFileReference; lastKnownFileType = folder.assetcatalog; path = "Preview Assets.xcassets"; sourceTree = "<group>"; };
		AB31880C2CE9ECEA00430DC1 /* SplashView.swift */ = {isa = PBXFileReference; lastKnownFileType = sourcecode.swift; path = SplashView.swift; sourceTree = "<group>"; };
		AB3188102CE9EF2300430DC1 /* R.generated.swift */ = {isa = PBXFileReference; fileEncoding = 4; lastKnownFileType = sourcecode.swift; path = R.generated.swift; sourceTree = SOURCE_ROOT; };
		EA21EC4558A6435FA45F2EC0 /* Pods_SavingMoney.framework */ = {isa = PBXFileReference; explicitFileType = wrapper.framework; includeInIndex = 0; path = Pods_SavingMoney.framework; sourceTree = BUILT_PRODUCTS_DIR; };
/* End PBXFileReference section */

/* Begin PBXFrameworksBuildPhase section */
		AB3187F42CE9E9A800430DC1 /* Frameworks */ = {
			isa = PBXFrameworksBuildPhase;
			buildActionMask = 2147483647;
			files = (
				2743A04C96B0540B7ED05585 /* Pods_SavingMoney.framework in Frameworks */,
			);
			runOnlyForDeploymentPostprocessing = 0;
		};
/* End PBXFrameworksBuildPhase section */

/* Begin PBXGroup section */
		756C8C894331D13796649B35 /* Frameworks */ = {
			isa = PBXGroup;
			children = (
				EA21EC4558A6435FA45F2EC0 /* Pods_SavingMoney.framework */,
			);
			name = Frameworks;
			sourceTree = "<group>";
		};
		872DFD72E92102188345C771 /* Pods */ = {
			isa = PBXGroup;
			children = (
				091BC6B2530237C77448E590 /* Pods-SavingMoney.debug.xcconfig */,
				AAA0858B7E5D1D87BD4D276E /* Pods-SavingMoney.release.xcconfig */,
			);
			path = Pods;
			sourceTree = "<group>";
		};
		AB24390A2CE9FDF0005DBAE0 /* Font */ = {
			isa = PBXGroup;
			children = (
				AB24390E2CE9FE72005DBAE0 /* Poppins-Regular.ttf */,
				AB2439142CE9FEB7005DBAE0 /* Poppins-Medium.ttf */,
				AB24390F2CE9FE72005DBAE0 /* Poppins-Bold.ttf */,
				AB2439122CE9FE82005DBAE0 /* Poppins-SemiBold.ttf */,
			);
			path = Font;
			sourceTree = "<group>";
		};
		AB2439212CEA1598005DBAE0 /* Language */ = {
			isa = PBXGroup;
			children = (
				AB2439222CEA1610005DBAE0 /* LanguageView.swift */,
			);
			path = Language;
			sourceTree = "<group>";
		};
		AB2439242CEA2679005DBAE0 /* Emum */ = {
			isa = PBXGroup;
			children = (
				AB2439252CEA268D005DBAE0 /* LanguageEnum.swift */,
			);
			path = Emum;
			sourceTree = "<group>";
		};
		AB2439272CEA4F5B005DBAE0 /* Common */ = {
			isa = PBXGroup;
			children = (
				AB2439282CEA4F6E005DBAE0 /* UserDefaultData.swift */,
			);
			path = Common;
			sourceTree = "<group>";
		};
		AB3187EE2CE9E9A800430DC1 = {
			isa = PBXGroup;
			children = (
				AB3187F92CE9E9A800430DC1 /* SavingMoney */,
				AB3187F82CE9E9A800430DC1 /* Products */,
				872DFD72E92102188345C771 /* Pods */,
				756C8C894331D13796649B35 /* Frameworks */,
			);
			sourceTree = "<group>";
		};
		AB3187F82CE9E9A800430DC1 /* Products */ = {
			isa = PBXGroup;
			children = (
				AB3187F72CE9E9A800430DC1 /* SavingMoney.app */,
			);
			name = Products;
			sourceTree = "<group>";
		};
		AB3187F92CE9E9A800430DC1 /* SavingMoney */ = {
			isa = PBXGroup;
			children = (
				AB2439162CEA02A4005DBAE0 /* Localizable.strings */,
				AB24390A2CE9FDF0005DBAE0 /* Font */,
				AB31880F2CE9ED2000430DC1 /* Model */,
				AB2439242CEA2679005DBAE0 /* Emum */,
				AB2439272CEA4F5B005DBAE0 /* Common */,
				AB31880E2CE9ED1500430DC1 /* Extention */,
				AB31880A2CE9EC7600430DC1 /* Presentation */,
				AB3188092CE9EC5600430DC1 /* Resources */,
				AB3188002CE9E9AA00430DC1 /* Preview Content */,
			);
			path = SavingMoney;
			sourceTree = "<group>";
		};
		AB3188002CE9E9AA00430DC1 /* Preview Content */ = {
			isa = PBXGroup;
			children = (
				AB3188012CE9E9AA00430DC1 /* Preview Assets.xcassets */,
			);
			path = "Preview Content";
			sourceTree = "<group>";
		};
		AB3188092CE9EC5600430DC1 /* Resources */ = {
			isa = PBXGroup;
			children = (
				AB24391D2CEA0A60005DBAE0 /* Animation.json */,
				AB2439092CE9FC8D005DBAE0 /* Info.plist */,
				AB3188102CE9EF2300430DC1 /* R.generated.swift */,
				AB3187FA2CE9E9A800430DC1 /* SavingMoneyApp.swift */,
				AB3187FC2CE9E9A800430DC1 /* ContentView.swift */,
				AB3187FE2CE9E9AA00430DC1 /* Assets.xcassets */,
			);
			path = Resources;
			sourceTree = "<group>";
		};
		AB31880A2CE9EC7600430DC1 /* Presentation */ = {
			isa = PBXGroup;
			children = (
				AB2439212CEA1598005DBAE0 /* Language */,
				AB31880B2CE9ECD500430DC1 /* Splash */,
				AB24392A2CEA50AF005DBAE0 /* IntroView.swift */,
			);
			path = Presentation;
			sourceTree = "<group>";
		};
		AB31880B2CE9ECD500430DC1 /* Splash */ = {
			isa = PBXGroup;
			children = (
				AB31880C2CE9ECEA00430DC1 /* SplashView.swift */,
			);
			path = Splash;
			sourceTree = "<group>";
		};
		AB31880E2CE9ED1500430DC1 /* Extention */ = {
			isa = PBXGroup;
			children = (
				AB24391F2CEA0B1F005DBAE0 /* ExtentionLottie.swift */,
			);
			path = Extention;
			sourceTree = "<group>";
		};
		AB31880F2CE9ED2000430DC1 /* Model */ = {
			isa = PBXGroup;
			children = (
			);
			path = Model;
			sourceTree = "<group>";
		};
/* End PBXGroup section */

/* Begin PBXNativeTarget section */
		AB3187F62CE9E9A800430DC1 /* SavingMoney */ = {
			isa = PBXNativeTarget;
			buildConfigurationList = AB3188052CE9E9AA00430DC1 /* Build configuration list for PBXNativeTarget "SavingMoney" */;
			buildPhases = (
				39C91CF2D35E58AC819B44D4 /* [CP] Check Pods Manifest.lock */,
				AB3188082CE9EAFA00430DC1 /* R.swift */,
				AB3187F32CE9E9A800430DC1 /* Sources */,
				AB3187F42CE9E9A800430DC1 /* Frameworks */,
				AB3187F52CE9E9A800430DC1 /* Resources */,
				5AF043E9DA3EFE6EC9D03204 /* [CP] Embed Pods Frameworks */,
			);
			buildRules = (
			);
			dependencies = (
			);
			name = SavingMoney;
			productName = SavingMoney;
			productReference = AB3187F72CE9E9A800430DC1 /* SavingMoney.app */;
			productType = "com.apple.product-type.application";
		};
/* End PBXNativeTarget section */

/* Begin PBXProject section */
		AB3187EF2CE9E9A800430DC1 /* Project object */ = {
			isa = PBXProject;
			attributes = {
				BuildIndependentTargetsInParallel = 1;
				LastSwiftUpdateCheck = 1540;
				LastUpgradeCheck = 1540;
				TargetAttributes = {
					AB3187F62CE9E9A800430DC1 = {
						CreatedOnToolsVersion = 15.4;
					};
				};
			};
			buildConfigurationList = AB3187F22CE9E9A800430DC1 /* Build configuration list for PBXProject "SavingMoney" */;
			compatibilityVersion = "Xcode 14.0";
			developmentRegion = en;
			hasScannedForEncodings = 0;
			knownRegions = (
				en,
				Base,
				fr,
				es,
				"pt-PT",
				hi,
			);
			mainGroup = AB3187EE2CE9E9A800430DC1;
			productRefGroup = AB3187F82CE9E9A800430DC1 /* Products */;
			projectDirPath = "";
			projectRoot = "";
			targets = (
				AB3187F62CE9E9A800430DC1 /* SavingMoney */,
			);
		};
/* End PBXProject section */

/* Begin PBXResourcesBuildPhase section */
		AB3187F52CE9E9A800430DC1 /* Resources */ = {
			isa = PBXResourcesBuildPhase;
			buildActionMask = 2147483647;
			files = (
				AB2439132CE9FE82005DBAE0 /* Poppins-SemiBold.ttf in Resources */,
				AB2439102CE9FE72005DBAE0 /* Poppins-Regular.ttf in Resources */,
				AB3188022CE9E9AA00430DC1 /* Preview Assets.xcassets in Resources */,
				AB24391E2CEA0A60005DBAE0 /* Animation.json in Resources */,
				AB2439182CEA02A4005DBAE0 /* Localizable.strings in Resources */,
				AB2439152CE9FEB7005DBAE0 /* Poppins-Medium.ttf in Resources */,
				AB3187FF2CE9E9AA00430DC1 /* Assets.xcassets in Resources */,
				AB2439112CE9FE72005DBAE0 /* Poppins-Bold.ttf in Resources */,
			);
			runOnlyForDeploymentPostprocessing = 0;
		};
/* End PBXResourcesBuildPhase section */

/* Begin PBXShellScriptBuildPhase section */
		39C91CF2D35E58AC819B44D4 /* [CP] Check Pods Manifest.lock */ = {
			isa = PBXShellScriptBuildPhase;
			buildActionMask = 2147483647;
			files = (
			);
			inputFileListPaths = (
			);
			inputPaths = (
				"${PODS_PODFILE_DIR_PATH}/Podfile.lock",
				"${PODS_ROOT}/Manifest.lock",
			);
			name = "[CP] Check Pods Manifest.lock";
			outputFileListPaths = (
			);
			outputPaths = (
				"$(DERIVED_FILE_DIR)/Pods-SavingMoney-checkManifestLockResult.txt",
			);
			runOnlyForDeploymentPostprocessing = 0;
			shellPath = /bin/sh;
			shellScript = "diff \"${PODS_PODFILE_DIR_PATH}/Podfile.lock\" \"${PODS_ROOT}/Manifest.lock\" > /dev/null\nif [ $? != 0 ] ; then\n    # print error to STDERR\n    echo \"error: The sandbox is not in sync with the Podfile.lock. Run 'pod install' or update your CocoaPods installation.\" >&2\n    exit 1\nfi\n# This output is used by Xcode 'outputs' to avoid re-running this script phase.\necho \"SUCCESS\" > \"${SCRIPT_OUTPUT_FILE_0}\"\n";
			showEnvVarsInLog = 0;
		};
		5AF043E9DA3EFE6EC9D03204 /* [CP] Embed Pods Frameworks */ = {
			isa = PBXShellScriptBuildPhase;
			buildActionMask = 2147483647;
			files = (
			);
			inputFileListPaths = (
				"${PODS_ROOT}/Target Support Files/Pods-SavingMoney/Pods-SavingMoney-frameworks-${CONFIGURATION}-input-files.xcfilelist",
			);
			name = "[CP] Embed Pods Frameworks";
			outputFileListPaths = (
				"${PODS_ROOT}/Target Support Files/Pods-SavingMoney/Pods-SavingMoney-frameworks-${CONFIGURATION}-output-files.xcfilelist",
			);
			runOnlyForDeploymentPostprocessing = 0;
			shellPath = /bin/sh;
			shellScript = "\"${PODS_ROOT}/Target Support Files/Pods-SavingMoney/Pods-SavingMoney-frameworks.sh\"\n";
			showEnvVarsInLog = 0;
		};
		AB3188082CE9EAFA00430DC1 /* R.swift */ = {
			isa = PBXShellScriptBuildPhase;
			alwaysOutOfDate = 1;
			buildActionMask = 2147483647;
			files = (
			);
			inputFileListPaths = (
			);
			inputPaths = (
			);
			name = R.swift;
			outputFileListPaths = (
			);
			outputPaths = (
				$SRCROOT/R.generated.swift,
			);
			runOnlyForDeploymentPostprocessing = 0;
			shellPath = /bin/sh;
			shellScript = "# Type a script or drag a script file from your workspace to insert its path.\n\"$PODS_ROOT/R.swift/rswift\" generate \"$SRCROOT/R.generated.swift\"\n";
		};
/* End PBXShellScriptBuildPhase section */

/* Begin PBXSourcesBuildPhase section */
		AB3187F32CE9E9A800430DC1 /* Sources */ = {
			isa = PBXSourcesBuildPhase;
			buildActionMask = 2147483647;
			files = (
				AB3187FD2CE9E9A800430DC1 /* ContentView.swift in Sources */,
				AB3187FB2CE9E9A800430DC1 /* SavingMoneyApp.swift in Sources */,
				AB31880D2CE9ECEA00430DC1 /* SplashView.swift in Sources */,
				AB2439262CEA268D005DBAE0 /* LanguageEnum.swift in Sources */,
				AB3188112CE9EF2300430DC1 /* R.generated.swift in Sources */,
				AB24392B2CEA50AF005DBAE0 /* IntroView.swift in Sources */,
				AB2439232CEA1610005DBAE0 /* LanguageView.swift in Sources */,
				AB2439292CEA4F6E005DBAE0 /* UserDefaultData.swift in Sources */,
				AB2439202CEA0B1F005DBAE0 /* ExtentionLottie.swift in Sources */,
			);
			runOnlyForDeploymentPostprocessing = 0;
		};
/* End PBXSourcesBuildPhase section */

/* Begin PBXVariantGroup section */
		AB2439162CEA02A4005DBAE0 /* Localizable.strings */ = {
			isa = PBXVariantGroup;
			children = (
				AB2439172CEA02A4005DBAE0 /* en */,
				AB2439192CEA02E9005DBAE0 /* fr */,
				AB24391A2CEA02F3005DBAE0 /* es */,
				AB24391B2CEA02FE005DBAE0 /* pt-PT */,
				AB24391C2CEA0304005DBAE0 /* hi */,
			);
			name = Localizable.strings;
			sourceTree = "<group>";
		};
/* End PBXVariantGroup section */

/* Begin XCBuildConfiguration section */
		AB3188032CE9E9AA00430DC1 /* Debug */ = {
			isa = XCBuildConfiguration;
			buildSettings = {
				ALWAYS_SEARCH_USER_PATHS = NO;
				ASSETCATALOG_COMPILER_GENERATE_SWIFT_ASSET_SYMBOL_EXTENSIONS = YES;
				CLANG_ANALYZER_LOCALIZABILITY_NONLOCALIZED = YES;
				CLANG_ANALYZER_NONNULL = YES;
				CLANG_ANALYZER_NUMBER_OBJECT_CONVERSION = YES_AGGRESSIVE;
				CLANG_CXX_LANGUAGE_STANDARD = "gnu++20";
				CLANG_ENABLE_MODULES = YES;
				CLANG_ENABLE_OBJC_ARC = YES;
				CLANG_ENABLE_OBJC_WEAK = YES;
				CLANG_WARN_BLOCK_CAPTURE_AUTORELEASING = YES;
				CLANG_WARN_BOOL_CONVERSION = YES;
				CLANG_WARN_COMMA = YES;
				CLANG_WARN_CONSTANT_CONVERSION = YES;
				CLANG_WARN_DEPRECATED_OBJC_IMPLEMENTATIONS = YES;
				CLANG_WARN_DIRECT_OBJC_ISA_USAGE = YES_ERROR;
				CLANG_WARN_DOCUMENTATION_COMMENTS = YES;
				CLANG_WARN_EMPTY_BODY = YES;
				CLANG_WARN_ENUM_CONVERSION = YES;
				CLANG_WARN_INFINITE_RECURSION = YES;
				CLANG_WARN_INT_CONVERSION = YES;
				CLANG_WARN_NON_LITERAL_NULL_CONVERSION = YES;
				CLANG_WARN_OBJC_IMPLICIT_RETAIN_SELF = YES;
				CLANG_WARN_OBJC_LITERAL_CONVERSION = YES;
				CLANG_WARN_OBJC_ROOT_CLASS = YES_ERROR;
				CLANG_WARN_QUOTED_INCLUDE_IN_FRAMEWORK_HEADER = YES;
				CLANG_WARN_RANGE_LOOP_ANALYSIS = YES;
				CLANG_WARN_STRICT_PROTOTYPES = YES;
				CLANG_WARN_SUSPICIOUS_MOVE = YES;
				CLANG_WARN_UNGUARDED_AVAILABILITY = YES_AGGRESSIVE;
				CLANG_WARN_UNREACHABLE_CODE = YES;
				CLANG_WARN__DUPLICATE_METHOD_MATCH = YES;
				COPY_PHASE_STRIP = NO;
				DEBUG_INFORMATION_FORMAT = dwarf;
				ENABLE_STRICT_OBJC_MSGSEND = YES;
				ENABLE_TESTABILITY = YES;
				ENABLE_USER_SCRIPT_SANDBOXING = YES;
				GCC_C_LANGUAGE_STANDARD = gnu17;
				GCC_DYNAMIC_NO_PIC = NO;
				GCC_NO_COMMON_BLOCKS = YES;
				GCC_OPTIMIZATION_LEVEL = 0;
				GCC_PREPROCESSOR_DEFINITIONS = (
					"DEBUG=1",
					"$(inherited)",
				);
				GCC_WARN_64_TO_32_BIT_CONVERSION = YES;
				GCC_WARN_ABOUT_RETURN_TYPE = YES_ERROR;
				GCC_WARN_UNDECLARED_SELECTOR = YES;
				GCC_WARN_UNINITIALIZED_AUTOS = YES_AGGRESSIVE;
				GCC_WARN_UNUSED_FUNCTION = YES;
				GCC_WARN_UNUSED_VARIABLE = YES;
				IPHONEOS_DEPLOYMENT_TARGET = 17.5;
				LOCALIZATION_PREFERS_STRING_CATALOGS = YES;
				MTL_ENABLE_DEBUG_INFO = INCLUDE_SOURCE;
				MTL_FAST_MATH = YES;
				ONLY_ACTIVE_ARCH = YES;
				SDKROOT = iphoneos;
				SWIFT_ACTIVE_COMPILATION_CONDITIONS = "DEBUG $(inherited)";
				SWIFT_OPTIMIZATION_LEVEL = "-Onone";
			};
			name = Debug;
		};
		AB3188042CE9E9AA00430DC1 /* Release */ = {
			isa = XCBuildConfiguration;
			buildSettings = {
				ALWAYS_SEARCH_USER_PATHS = NO;
				ASSETCATALOG_COMPILER_GENERATE_SWIFT_ASSET_SYMBOL_EXTENSIONS = YES;
				CLANG_ANALYZER_LOCALIZABILITY_NONLOCALIZED = YES;
				CLANG_ANALYZER_NONNULL = YES;
				CLANG_ANALYZER_NUMBER_OBJECT_CONVERSION = YES_AGGRESSIVE;
				CLANG_CXX_LANGUAGE_STANDARD = "gnu++20";
				CLANG_ENABLE_MODULES = YES;
				CLANG_ENABLE_OBJC_ARC = YES;
				CLANG_ENABLE_OBJC_WEAK = YES;
				CLANG_WARN_BLOCK_CAPTURE_AUTORELEASING = YES;
				CLANG_WARN_BOOL_CONVERSION = YES;
				CLANG_WARN_COMMA = YES;
				CLANG_WARN_CONSTANT_CONVERSION = YES;
				CLANG_WARN_DEPRECATED_OBJC_IMPLEMENTATIONS = YES;
				CLANG_WARN_DIRECT_OBJC_ISA_USAGE = YES_ERROR;
				CLANG_WARN_DOCUMENTATION_COMMENTS = YES;
				CLANG_WARN_EMPTY_BODY = YES;
				CLANG_WARN_ENUM_CONVERSION = YES;
				CLANG_WARN_INFINITE_RECURSION = YES;
				CLANG_WARN_INT_CONVERSION = YES;
				CLANG_WARN_NON_LITERAL_NULL_CONVERSION = YES;
				CLANG_WARN_OBJC_IMPLICIT_RETAIN_SELF = YES;
				CLANG_WARN_OBJC_LITERAL_CONVERSION = YES;
				CLANG_WARN_OBJC_ROOT_CLASS = YES_ERROR;
				CLANG_WARN_QUOTED_INCLUDE_IN_FRAMEWORK_HEADER = YES;
				CLANG_WARN_RANGE_LOOP_ANALYSIS = YES;
				CLANG_WARN_STRICT_PROTOTYPES = YES;
				CLANG_WARN_SUSPICIOUS_MOVE = YES;
				CLANG_WARN_UNGUARDED_AVAILABILITY = YES_AGGRESSIVE;
				CLANG_WARN_UNREACHABLE_CODE = YES;
				CLANG_WARN__DUPLICATE_METHOD_MATCH = YES;
				COPY_PHASE_STRIP = NO;
				DEBUG_INFORMATION_FORMAT = "dwarf-with-dsym";
				ENABLE_NS_ASSERTIONS = NO;
				ENABLE_STRICT_OBJC_MSGSEND = YES;
				ENABLE_USER_SCRIPT_SANDBOXING = YES;
				GCC_C_LANGUAGE_STANDARD = gnu17;
				GCC_NO_COMMON_BLOCKS = YES;
				GCC_WARN_64_TO_32_BIT_CONVERSION = YES;
				GCC_WARN_ABOUT_RETURN_TYPE = YES_ERROR;
				GCC_WARN_UNDECLARED_SELECTOR = YES;
				GCC_WARN_UNINITIALIZED_AUTOS = YES_AGGRESSIVE;
				GCC_WARN_UNUSED_FUNCTION = YES;
				GCC_WARN_UNUSED_VARIABLE = YES;
				IPHONEOS_DEPLOYMENT_TARGET = 17.5;
				LOCALIZATION_PREFERS_STRING_CATALOGS = YES;
				MTL_ENABLE_DEBUG_INFO = NO;
				MTL_FAST_MATH = YES;
				SDKROOT = iphoneos;
				SWIFT_COMPILATION_MODE = wholemodule;
				VALIDATE_PRODUCT = YES;
			};
			name = Release;
		};
		AB3188062CE9E9AA00430DC1 /* Debug */ = {
			isa = XCBuildConfiguration;
			baseConfigurationReference = 091BC6B2530237C77448E590 /* Pods-SavingMoney.debug.xcconfig */;
			buildSettings = {
				ASSETCATALOG_COMPILER_APPICON_NAME = AppIcon;
				ASSETCATALOG_COMPILER_GLOBAL_ACCENT_COLOR_NAME = AccentColor;
				CODE_SIGN_STYLE = Automatic;
				CURRENT_PROJECT_VERSION = 1;
				DEAD_CODE_STRIPPING = NO;
				DEVELOPMENT_ASSET_PATHS = "\"SavingMoney/Preview Content\"";
				DEVELOPMENT_TEAM = Z62PV5W3KU;
				ENABLE_PREVIEWS = YES;
				GENERATE_INFOPLIST_FILE = YES;
				INFOPLIST_FILE = SavingMoney/Resources/Info.plist;
				INFOPLIST_KEY_UIApplicationSceneManifest_Generation = YES;
				INFOPLIST_KEY_UIApplicationSupportsIndirectInputEvents = YES;
				INFOPLIST_KEY_UILaunchScreen_Generation = YES;
				INFOPLIST_KEY_UISupportedInterfaceOrientations_iPad = "UIInterfaceOrientationPortrait UIInterfaceOrientationPortraitUpsideDown UIInterfaceOrientationLandscapeLeft UIInterfaceOrientationLandscapeRight";
				INFOPLIST_KEY_UISupportedInterfaceOrientations_iPhone = "UIInterfaceOrientationPortrait UIInterfaceOrientationLandscapeLeft UIInterfaceOrientationLandscapeRight";
				LD_RUNPATH_SEARCH_PATHS = (
					"$(inherited)",
					"@executable_path/Frameworks",
				);
				MARKETING_VERSION = 1.0;
				PRODUCT_BUNDLE_IDENTIFIER = com.vantuan8802.savingMoney.SavingMoney;
				PRODUCT_NAME = "$(TARGET_NAME)";
				SWIFT_EMIT_LOC_STRINGS = YES;
				SWIFT_VERSION = 5.0;
				TARGETED_DEVICE_FAMILY = "1,2";
			};
			name = Debug;
		};
		AB3188072CE9E9AA00430DC1 /* Release */ = {
			isa = XCBuildConfiguration;
			baseConfigurationReference = AAA0858B7E5D1D87BD4D276E /* Pods-SavingMoney.release.xcconfig */;
			buildSettings = {
				ASSETCATALOG_COMPILER_APPICON_NAME = AppIcon;
				ASSETCATALOG_COMPILER_GLOBAL_ACCENT_COLOR_NAME = AccentColor;
				CODE_SIGN_STYLE = Automatic;
				CURRENT_PROJECT_VERSION = 1;
				DEAD_CODE_STRIPPING = NO;
				DEVELOPMENT_ASSET_PATHS = "\"SavingMoney/Preview Content\"";
				DEVELOPMENT_TEAM = Z62PV5W3KU;
				ENABLE_PREVIEWS = YES;
				GENERATE_INFOPLIST_FILE = YES;
				INFOPLIST_FILE = SavingMoney/Resources/Info.plist;
				INFOPLIST_KEY_UIApplicationSceneManifest_Generation = YES;
				INFOPLIST_KEY_UIApplicationSupportsIndirectInputEvents = YES;
				INFOPLIST_KEY_UILaunchScreen_Generation = YES;
				INFOPLIST_KEY_UISupportedInterfaceOrientations_iPad = "UIInterfaceOrientationPortrait UIInterfaceOrientationPortraitUpsideDown UIInterfaceOrientationLandscapeLeft UIInterfaceOrientationLandscapeRight";
				INFOPLIST_KEY_UISupportedInterfaceOrientations_iPhone = "UIInterfaceOrientationPortrait UIInterfaceOrientationLandscapeLeft UIInterfaceOrientationLandscapeRight";
				LD_RUNPATH_SEARCH_PATHS = (
					"$(inherited)",
					"@executable_path/Frameworks",
				);
				MARKETING_VERSION = 1.0;
				PRODUCT_BUNDLE_IDENTIFIER = com.vantuan8802.savingMoney.SavingMoney;
				PRODUCT_NAME = "$(TARGET_NAME)";
				SWIFT_EMIT_LOC_STRINGS = YES;
				SWIFT_VERSION = 5.0;
				TARGETED_DEVICE_FAMILY = "1,2";
			};
			name = Release;
		};
/* End XCBuildConfiguration section */

/* Begin XCConfigurationList section */
		AB3187F22CE9E9A800430DC1 /* Build configuration list for PBXProject "SavingMoney" */ = {
			isa = XCConfigurationList;
			buildConfigurations = (
				AB3188032CE9E9AA00430DC1 /* Debug */,
				AB3188042CE9E9AA00430DC1 /* Release */,
			);
			defaultConfigurationIsVisible = 0;
			defaultConfigurationName = Release;
		};
		AB3188052CE9E9AA00430DC1 /* Build configuration list for PBXNativeTarget "SavingMoney" */ = {
			isa = XCConfigurationList;
			buildConfigurations = (
				AB3188062CE9E9AA00430DC1 /* Debug */,
				AB3188072CE9E9AA00430DC1 /* Release */,
			);
			defaultConfigurationIsVisible = 0;
			defaultConfigurationName = Release;
		};
/* End XCConfigurationList section */
	};
	rootObject = AB3187EF2CE9E9A800430DC1 /* Project object */;
}
